{
  "originHash" : "ccc5ca99525055402579b67daa17b2f1b471e04a47dc9686a383dd692c70ac53",
  "pins" : [
    {
      "identity" : "paper-onboarding",
      "kind" : "remoteSourceControl",
      "location" : "https://github.com/Ramotion/paper-onboarding.git",
      "state" : {
        "revision" : "c36df080b1001c385cc14c85f3b1c5ea36531fd0",
        "version" : "6.1.5"
      }
    }
  ],
  "version" : 3
}
