// !$*UTF8*$!
{
	archiveVersion = 1;
	classes = {
	};
	objectVersion = 56;
	objects = {

/* Begin PBXBuildFile section */
		E60699492BC21B460062333F /* UniTurkeyTests.swift in Sources */ = {isa = PBXBuildFile; fileRef = E60699482BC21B460062333F /* UniTurkeyTests.swift */; };
		E60699532BC21B460062333F /* UniTurkeyUITests.swift in Sources */ = {isa = PBXBuildFile; fileRef = E60699522BC21B460062333F /* UniTurkeyUITests.swift */; };
		E60699552BC21B460062333F /* UniTurkeyUITestsLaunchTests.swift in Sources */ = {isa = PBXBuildFile; fileRef = E60699542BC21B460062333F /* UniTurkeyUITestsLaunchTests.swift */; };
		E63EC7282BCF4F6C0036FC87 /* FavoriteBuilder.swift in Sources */ = {isa = PBXBuildFile; fileRef = E63EC7272BCF4F6C0036FC87 /* FavoriteBuilder.swift */; };
		E63EC72A2BCF50E80036FC87 /* FavoriteRouter.swift in Sources */ = {isa = PBXBuildFile; fileRef = E63EC7292BCF50E80036FC87 /* FavoriteRouter.swift */; };
		E63EC72C2BCF50F50036FC87 /* FavoriteViewModel.swift in Sources */ = {isa = PBXBuildFile; fileRef = E63EC72B2BCF50F50036FC87 /* FavoriteViewModel.swift */; };
		E63EC72E2BCF50FE0036FC87 /* FavoriteViewController.swift in Sources */ = {isa = PBXBuildFile; fileRef = E63EC72D2BCF50FE0036FC87 /* FavoriteViewController.swift */; };
		E63F3CC52BC21DCE0094A0D2 /* AppDelegate.swift in Sources */ = {isa = PBXBuildFile; fileRef = E63F3CC22BC21DCD0094A0D2 /* AppDelegate.swift */; };
		E63F3CC62BC21DCE0094A0D2 /* AppRouter.swift in Sources */ = {isa = PBXBuildFile; fileRef = E63F3CC32BC21DCD0094A0D2 /* AppRouter.swift */; };
		E63F3CC72BC21DCE0094A0D2 /* AppContainer.swift in Sources */ = {isa = PBXBuildFile; fileRef = E63F3CC42BC21DCD0094A0D2 /* AppContainer.swift */; };
		E63F3CF22BC21E500094A0D2 /* Assets.xcassets in Resources */ = {isa = PBXBuildFile; fileRef = E63F3CEE2BC21E500094A0D2 /* Assets.xcassets */; };
		E63F3D072BC21FCC0094A0D2 /* Colorable.swift in Sources */ = {isa = PBXBuildFile; fileRef = E63F3CF32BC21FCC0094A0D2 /* Colorable.swift */; };
		E63F3D082BC21FCC0094A0D2 /* Imageable.swift in Sources */ = {isa = PBXBuildFile; fileRef = E63F3CF42BC21FCC0094A0D2 /* Imageable.swift */; };
		E63F3D092BC21FCC0094A0D2 /* ReusableView.swift in Sources */ = {isa = PBXBuildFile; fileRef = E63F3CF52BC21FCC0094A0D2 /* ReusableView.swift */; };
		E63F3D0A2BC21FCC0094A0D2 /* Symbolable.swift in Sources */ = {isa = PBXBuildFile; fileRef = E63F3CF62BC21FCC0094A0D2 /* Symbolable.swift */; };
		E63F3D0B2BC21FCC0094A0D2 /* UIApplication+Extension.swift in Sources */ = {isa = PBXBuildFile; fileRef = E63F3CFA2BC21FCC0094A0D2 /* UIApplication+Extension.swift */; };
		E63F3D0C2BC21FCC0094A0D2 /* UICollectionView+Extension.swift in Sources */ = {isa = PBXBuildFile; fileRef = E63F3CFB2BC21FCC0094A0D2 /* UICollectionView+Extension.swift */; };
		E63F3D0D2BC21FCC0094A0D2 /* UIColor+Extension.swift in Sources */ = {isa = PBXBuildFile; fileRef = E63F3CFC2BC21FCC0094A0D2 /* UIColor+Extension.swift */; };
		E63F3D0E2BC21FCC0094A0D2 /* UIDevice+Extension.swift in Sources */ = {isa = PBXBuildFile; fileRef = E63F3CFD2BC21FCC0094A0D2 /* UIDevice+Extension.swift */; };
		E63F3D0F2BC21FCC0094A0D2 /* UITableView+Extension.swift in Sources */ = {isa = PBXBuildFile; fileRef = E63F3CFE2BC21FCC0094A0D2 /* UITableView+Extension.swift */; };
		E63F3D102BC21FCC0094A0D2 /* HomeRouter.swift in Sources */ = {isa = PBXBuildFile; fileRef = E63F3D022BC21FCC0094A0D2 /* HomeRouter.swift */; };
		E63F3D112BC21FCC0094A0D2 /* HomeViewController.swift in Sources */ = {isa = PBXBuildFile; fileRef = E63F3D032BC21FCC0094A0D2 /* HomeViewController.swift */; };
		E63F3D122BC21FCC0094A0D2 /* HomeViewModel.swift in Sources */ = {isa = PBXBuildFile; fileRef = E63F3D042BC21FCC0094A0D2 /* HomeViewModel.swift */; };
		E63F3D162BC228BC0094A0D2 /* LaunchScreen.storyboard in Resources */ = {isa = PBXBuildFile; fileRef = E63F3D152BC228BC0094A0D2 /* LaunchScreen.storyboard */; };
		E686CB992BD33CAF00C8E862 /* Localizable.strings in Resources */ = {isa = PBXBuildFile; fileRef = E686CB972BD33CAF00C8E862 /* Localizable.strings */; };
		E68E70B42BD1618800C1872F /* DetailBuilder.swift in Sources */ = {isa = PBXBuildFile; fileRef = E68E70B32BD1618800C1872F /* DetailBuilder.swift */; };
		E68E70B62BD1619F00C1872F /* DetailRouter.swift in Sources */ = {isa = PBXBuildFile; fileRef = E68E70B52BD1619F00C1872F /* DetailRouter.swift */; };
		E68E70B82BD161B500C1872F /* DetailViewModel.swift in Sources */ = {isa = PBXBuildFile; fileRef = E68E70B72BD161B500C1872F /* DetailViewModel.swift */; };
		E68E70BA2BD161C600C1872F /* DetailViewController.swift in Sources */ = {isa = PBXBuildFile; fileRef = E68E70B92BD161C600C1872F /* DetailViewController.swift */; };
		E690A0282BC35591003B2F83 /* UniversityService.swift in Sources */ = {isa = PBXBuildFile; fileRef = E690A0272BC35591003B2F83 /* UniversityService.swift */; };
		E690A02A2BC35B67003B2F83 /* UniversityManager.swift in Sources */ = {isa = PBXBuildFile; fileRef = E690A0292BC35B67003B2F83 /* UniversityManager.swift */; };
		E690A02F2BC363D8003B2F83 /* Constants.swift in Sources */ = {isa = PBXBuildFile; fileRef = E690A02E2BC363D7003B2F83 /* Constants.swift */; };
		E690A0312BC367E9003B2F83 /* UniversityResponse.swift in Sources */ = {isa = PBXBuildFile; fileRef = E690A0302BC367E9003B2F83 /* UniversityResponse.swift */; };
		E690A0372BC3914A003B2F83 /* HomeBuilder.swift in Sources */ = {isa = PBXBuildFile; fileRef = E690A0362BC3914A003B2F83 /* HomeBuilder.swift */; };
		E696C07B2BCDCC4A00CA91A3 /* FavoriteService.swift in Sources */ = {isa = PBXBuildFile; fileRef = E696C07A2BCDCC4A00CA91A3 /* FavoriteService.swift */; };
		E696C07D2BCDCC5500CA91A3 /* FavoriteManager.swift in Sources */ = {isa = PBXBuildFile; fileRef = E696C07C2BCDCC5500CA91A3 /* FavoriteManager.swift */; };
		E696C07F2BCDCD9E00CA91A3 /* UserDefaults+Extension.swift in Sources */ = {isa = PBXBuildFile; fileRef = E696C07E2BCDCD9E00CA91A3 /* UserDefaults+Extension.swift */; };
		E696C0852BCE03FB00CA91A3 /* DetailCell.swift in Sources */ = {isa = PBXBuildFile; fileRef = E696C0842BCE03FB00CA91A3 /* DetailCell.swift */; };
		E6A673332BC5FEA600B96352 /* ErrorView.swift in Sources */ = {isa = PBXBuildFile; fileRef = E6A673322BC5FEA600B96352 /* ErrorView.swift */; };
		E6A673352BC5FEB800B96352 /* LoadingView.swift in Sources */ = {isa = PBXBuildFile; fileRef = E6A673342BC5FEB800B96352 /* LoadingView.swift */; };
		E6B249D72BC25A39009112EB /* UIView+Extension.swift in Sources */ = {isa = PBXBuildFile; fileRef = E6B249D62BC25A39009112EB /* UIView+Extension.swift */; };
		E6B249D92BC25C98009112EB /* UIImage+Extension.swift in Sources */ = {isa = PBXBuildFile; fileRef = E6B249D82BC25C98009112EB /* UIImage+Extension.swift */; };
		E6B249DB2BC25D7D009112EB /* UIViewController+Extension.swift in Sources */ = {isa = PBXBuildFile; fileRef = E6B249DA2BC25D7D009112EB /* UIViewController+Extension.swift */; };
		E6B249DD2BC26598009112EB /* Collection+Extension.swift in Sources */ = {isa = PBXBuildFile; fileRef = E6B249DC2BC26598009112EB /* Collection+Extension.swift */; };
		E6B249DF2BC266B6009112EB /* String+Extension.swift in Sources */ = {isa = PBXBuildFile; fileRef = E6B249DE2BC266B6009112EB /* String+Extension.swift */; };
		E6C9331D2BC4ADE1001BD2EA /* UniversityRepresentation.swift in Sources */ = {isa = PBXBuildFile; fileRef = E6C9331C2BC4ADE1001BD2EA /* UniversityRepresentation.swift */; };
		E6D642052BC92655000F6FF2 /* ProvinceCell.swift in Sources */ = {isa = PBXBuildFile; fileRef = E6D642042BC92655000F6FF2 /* ProvinceCell.swift */; };
		E6E827062BC9F3AB00FEDFC5 /* UniversityCell.swift in Sources */ = {isa = PBXBuildFile; fileRef = E6E827052BC9F3AB00FEDFC5 /* UniversityCell.swift */; };
/* End PBXBuildFile section */

/* Begin PBXContainerItemProxy section */
		E60699452BC21B460062333F /* PBXContainerItemProxy */ = {
			isa = PBXContainerItemProxy;
			containerPortal = E60699262BC21B440062333F /* Project object */;
			proxyType = 1;
			remoteGlobalIDString = E606992D2BC21B440062333F;
			remoteInfo = UniTurkey;
		};
		E606994F2BC21B460062333F /* PBXContainerItemProxy */ = {
			isa = PBXContainerItemProxy;
			containerPortal = E60699262BC21B440062333F /* Project object */;
			proxyType = 1;
			remoteGlobalIDString = E606992D2BC21B440062333F;
			remoteInfo = UniTurkey;
		};
/* End PBXContainerItemProxy section */

/* Begin PBXFileReference section */
		E606992E2BC21B440062333F /* UniTurkey.app */ = {isa = PBXFileReference; explicitFileType = wrapper.application; includeInIndex = 0; path = UniTurkey.app; sourceTree = BUILT_PRODUCTS_DIR; };
		E606993F2BC21B460062333F /* Info.plist */ = {isa = PBXFileReference; lastKnownFileType = text.plist.xml; name = Info.plist; path = UniTurkey/Resources/Info.plist; sourceTree = SOURCE_ROOT; };
		E60699442BC21B460062333F /* UniTurkeyTests.xctest */ = {isa = PBXFileReference; explicitFileType = wrapper.cfbundle; includeInIndex = 0; path = UniTurkeyTests.xctest; sourceTree = BUILT_PRODUCTS_DIR; };
		E60699482BC21B460062333F /* UniTurkeyTests.swift */ = {isa = PBXFileReference; lastKnownFileType = sourcecode.swift; path = UniTurkeyTests.swift; sourceTree = "<group>"; };
		E606994E2BC21B460062333F /* UniTurkeyUITests.xctest */ = {isa = PBXFileReference; explicitFileType = wrapper.cfbundle; includeInIndex = 0; path = UniTurkeyUITests.xctest; sourceTree = BUILT_PRODUCTS_DIR; };
		E60699522BC21B460062333F /* UniTurkeyUITests.swift */ = {isa = PBXFileReference; lastKnownFileType = sourcecode.swift; path = UniTurkeyUITests.swift; sourceTree = "<group>"; };
		E60699542BC21B460062333F /* UniTurkeyUITestsLaunchTests.swift */ = {isa = PBXFileReference; lastKnownFileType = sourcecode.swift; path = UniTurkeyUITestsLaunchTests.swift; sourceTree = "<group>"; };
		E63EC7272BCF4F6C0036FC87 /* FavoriteBuilder.swift */ = {isa = PBXFileReference; lastKnownFileType = sourcecode.swift; path = FavoriteBuilder.swift; sourceTree = "<group>"; };
		E63EC7292BCF50E80036FC87 /* FavoriteRouter.swift */ = {isa = PBXFileReference; lastKnownFileType = sourcecode.swift; path = FavoriteRouter.swift; sourceTree = "<group>"; };
		E63EC72B2BCF50F50036FC87 /* FavoriteViewModel.swift */ = {isa = PBXFileReference; lastKnownFileType = sourcecode.swift; path = FavoriteViewModel.swift; sourceTree = "<group>"; };
		E63EC72D2BCF50FE0036FC87 /* FavoriteViewController.swift */ = {isa = PBXFileReference; lastKnownFileType = sourcecode.swift; path = FavoriteViewController.swift; sourceTree = "<group>"; };
		E63F3CC22BC21DCD0094A0D2 /* AppDelegate.swift */ = {isa = PBXFileReference; fileEncoding = 4; lastKnownFileType = sourcecode.swift; path = AppDelegate.swift; sourceTree = "<group>"; };
		E63F3CC32BC21DCD0094A0D2 /* AppRouter.swift */ = {isa = PBXFileReference; fileEncoding = 4; lastKnownFileType = sourcecode.swift; path = AppRouter.swift; sourceTree = "<group>"; };
		E63F3CC42BC21DCD0094A0D2 /* AppContainer.swift */ = {isa = PBXFileReference; fileEncoding = 4; lastKnownFileType = sourcecode.swift; path = AppContainer.swift; sourceTree = "<group>"; };
		E63F3CEE2BC21E500094A0D2 /* Assets.xcassets */ = {isa = PBXFileReference; lastKnownFileType = folder.assetcatalog; path = Assets.xcassets; sourceTree = "<group>"; };
		E63F3CF32BC21FCC0094A0D2 /* Colorable.swift */ = {isa = PBXFileReference; fileEncoding = 4; lastKnownFileType = sourcecode.swift; path = Colorable.swift; sourceTree = "<group>"; };
		E63F3CF42BC21FCC0094A0D2 /* Imageable.swift */ = {isa = PBXFileReference; fileEncoding = 4; lastKnownFileType = sourcecode.swift; path = Imageable.swift; sourceTree = "<group>"; };
		E63F3CF52BC21FCC0094A0D2 /* ReusableView.swift */ = {isa = PBXFileReference; fileEncoding = 4; lastKnownFileType = sourcecode.swift; path = ReusableView.swift; sourceTree = "<group>"; };
		E63F3CF62BC21FCC0094A0D2 /* Symbolable.swift */ = {isa = PBXFileReference; fileEncoding = 4; lastKnownFileType = sourcecode.swift; path = Symbolable.swift; sourceTree = "<group>"; };
		E63F3CFA2BC21FCC0094A0D2 /* UIApplication+Extension.swift */ = {isa = PBXFileReference; fileEncoding = 4; lastKnownFileType = sourcecode.swift; path = "UIApplication+Extension.swift"; sourceTree = "<group>"; };
		E63F3CFB2BC21FCC0094A0D2 /* UICollectionView+Extension.swift */ = {isa = PBXFileReference; fileEncoding = 4; lastKnownFileType = sourcecode.swift; path = "UICollectionView+Extension.swift"; sourceTree = "<group>"; };
		E63F3CFC2BC21FCC0094A0D2 /* UIColor+Extension.swift */ = {isa = PBXFileReference; fileEncoding = 4; lastKnownFileType = sourcecode.swift; path = "UIColor+Extension.swift"; sourceTree = "<group>"; };
		E63F3CFD2BC21FCC0094A0D2 /* UIDevice+Extension.swift */ = {isa = PBXFileReference; fileEncoding = 4; lastKnownFileType = sourcecode.swift; path = "UIDevice+Extension.swift"; sourceTree = "<group>"; };
		E63F3CFE2BC21FCC0094A0D2 /* UITableView+Extension.swift */ = {isa = PBXFileReference; fileEncoding = 4; lastKnownFileType = sourcecode.swift; path = "UITableView+Extension.swift"; sourceTree = "<group>"; };
		E63F3D022BC21FCC0094A0D2 /* HomeRouter.swift */ = {isa = PBXFileReference; fileEncoding = 4; lastKnownFileType = sourcecode.swift; path = HomeRouter.swift; sourceTree = "<group>"; };
		E63F3D032BC21FCC0094A0D2 /* HomeViewController.swift */ = {isa = PBXFileReference; fileEncoding = 4; lastKnownFileType = sourcecode.swift; path = HomeViewController.swift; sourceTree = "<group>"; };
		E63F3D042BC21FCC0094A0D2 /* HomeViewModel.swift */ = {isa = PBXFileReference; fileEncoding = 4; lastKnownFileType = sourcecode.swift; path = HomeViewModel.swift; sourceTree = "<group>"; };
		E63F3D152BC228BC0094A0D2 /* LaunchScreen.storyboard */ = {isa = PBXFileReference; fileEncoding = 4; lastKnownFileType = file.storyboard; path = LaunchScreen.storyboard; sourceTree = "<group>"; };
		E686CB982BD33CAF00C8E862 /* en */ = {isa = PBXFileReference; lastKnownFileType = text.plist.strings; name = en; path = en.lproj/Localizable.strings; sourceTree = "<group>"; };
		E686CB9A2BD33CD000C8E862 /* tr */ = {isa = PBXFileReference; lastKnownFileType = text.plist.strings; name = tr; path = tr.lproj/Localizable.strings; sourceTree = "<group>"; };
		E68E70B32BD1618800C1872F /* DetailBuilder.swift */ = {isa = PBXFileReference; lastKnownFileType = sourcecode.swift; path = DetailBuilder.swift; sourceTree = "<group>"; };
		E68E70B52BD1619F00C1872F /* DetailRouter.swift */ = {isa = PBXFileReference; lastKnownFileType = sourcecode.swift; path = DetailRouter.swift; sourceTree = "<group>"; };
		E68E70B72BD161B500C1872F /* DetailViewModel.swift */ = {isa = PBXFileReference; lastKnownFileType = sourcecode.swift; path = DetailViewModel.swift; sourceTree = "<group>"; };
		E68E70B92BD161C600C1872F /* DetailViewController.swift */ = {isa = PBXFileReference; lastKnownFileType = sourcecode.swift; path = DetailViewController.swift; sourceTree = "<group>"; };
		E690A0272BC35591003B2F83 /* UniversityService.swift */ = {isa = PBXFileReference; lastKnownFileType = sourcecode.swift; path = UniversityService.swift; sourceTree = "<group>"; };
		E690A0292BC35B67003B2F83 /* UniversityManager.swift */ = {isa = PBXFileReference; lastKnownFileType = sourcecode.swift; path = UniversityManager.swift; sourceTree = "<group>"; };
		E690A02E2BC363D7003B2F83 /* Constants.swift */ = {isa = PBXFileReference; lastKnownFileType = sourcecode.swift; path = Constants.swift; sourceTree = "<group>"; };
		E690A0302BC367E9003B2F83 /* UniversityResponse.swift */ = {isa = PBXFileReference; lastKnownFileType = sourcecode.swift; path = UniversityResponse.swift; sourceTree = "<group>"; };
		E690A0362BC3914A003B2F83 /* HomeBuilder.swift */ = {isa = PBXFileReference; lastKnownFileType = sourcecode.swift; path = HomeBuilder.swift; sourceTree = "<group>"; };
		E696C07A2BCDCC4A00CA91A3 /* FavoriteService.swift */ = {isa = PBXFileReference; lastKnownFileType = sourcecode.swift; path = FavoriteService.swift; sourceTree = "<group>"; };
		E696C07C2BCDCC5500CA91A3 /* FavoriteManager.swift */ = {isa = PBXFileReference; lastKnownFileType = sourcecode.swift; path = FavoriteManager.swift; sourceTree = "<group>"; };
		E696C07E2BCDCD9E00CA91A3 /* UserDefaults+Extension.swift */ = {isa = PBXFileReference; lastKnownFileType = sourcecode.swift; path = "UserDefaults+Extension.swift"; sourceTree = "<group>"; };
		E696C0842BCE03FB00CA91A3 /* DetailCell.swift */ = {isa = PBXFileReference; lastKnownFileType = sourcecode.swift; path = DetailCell.swift; sourceTree = "<group>"; };
		E6A673322BC5FEA600B96352 /* ErrorView.swift */ = {isa = PBXFileReference; lastKnownFileType = sourcecode.swift; path = ErrorView.swift; sourceTree = "<group>"; };
		E6A673342BC5FEB800B96352 /* LoadingView.swift */ = {isa = PBXFileReference; lastKnownFileType = sourcecode.swift; path = LoadingView.swift; sourceTree = "<group>"; };
		E6B249D62BC25A39009112EB /* UIView+Extension.swift */ = {isa = PBXFileReference; fileEncoding = 4; lastKnownFileType = sourcecode.swift; path = "UIView+Extension.swift"; sourceTree = "<group>"; };
		E6B249D82BC25C98009112EB /* UIImage+Extension.swift */ = {isa = PBXFileReference; lastKnownFileType = sourcecode.swift; path = "UIImage+Extension.swift"; sourceTree = "<group>"; };
		E6B249DA2BC25D7D009112EB /* UIViewController+Extension.swift */ = {isa = PBXFileReference; lastKnownFileType = sourcecode.swift; path = "UIViewController+Extension.swift"; sourceTree = "<group>"; };
		E6B249DC2BC26598009112EB /* Collection+Extension.swift */ = {isa = PBXFileReference; lastKnownFileType = sourcecode.swift; path = "Collection+Extension.swift"; sourceTree = "<group>"; };
		E6B249DE2BC266B6009112EB /* String+Extension.swift */ = {isa = PBXFileReference; lastKnownFileType = sourcecode.swift; path = "String+Extension.swift"; sourceTree = "<group>"; };
		E6C9331C2BC4ADE1001BD2EA /* UniversityRepresentation.swift */ = {isa = PBXFileReference; lastKnownFileType = sourcecode.swift; path = UniversityRepresentation.swift; sourceTree = "<group>"; };
		E6D642042BC92655000F6FF2 /* ProvinceCell.swift */ = {isa = PBXFileReference; lastKnownFileType = sourcecode.swift; path = ProvinceCell.swift; sourceTree = "<group>"; };
		E6E827052BC9F3AB00FEDFC5 /* UniversityCell.swift */ = {isa = PBXFileReference; lastKnownFileType = sourcecode.swift; path = UniversityCell.swift; sourceTree = "<group>"; };
/* End PBXFileReference section */

/* Begin PBXFrameworksBuildPhase section */
		E606992B2BC21B440062333F /* Frameworks */ = {
			isa = PBXFrameworksBuildPhase;
			buildActionMask = 2147483647;
			files = (
			);
			runOnlyForDeploymentPostprocessing = 0;
		};
		E60699412BC21B460062333F /* Frameworks */ = {
			isa = PBXFrameworksBuildPhase;
			buildActionMask = 2147483647;
			files = (
			);
			runOnlyForDeploymentPostprocessing = 0;
		};
		E606994B2BC21B460062333F /* Frameworks */ = {
			isa = PBXFrameworksBuildPhase;
			buildActionMask = 2147483647;
			files = (
			);
			runOnlyForDeploymentPostprocessing = 0;
		};
/* End PBXFrameworksBuildPhase section */

/* Begin PBXGroup section */
		E60699252BC21B440062333F = {
			isa = PBXGroup;
			children = (
				E686CB972BD33CAF00C8E862 /* Localizable.strings */,
				E60699302BC21B440062333F /* UniTurkey */,
				E60699472BC21B460062333F /* UniTurkeyTests */,
				E60699512BC21B460062333F /* UniTurkeyUITests */,
				E606992F2BC21B440062333F /* Products */,
			);
			sourceTree = "<group>";
		};
		E606992F2BC21B440062333F /* Products */ = {
			isa = PBXGroup;
			children = (
				E606992E2BC21B440062333F /* UniTurkey.app */,
				E60699442BC21B460062333F /* UniTurkeyTests.xctest */,
				E606994E2BC21B460062333F /* UniTurkeyUITests.xctest */,
			);
			name = Products;
			sourceTree = "<group>";
		};
		E60699302BC21B440062333F /* UniTurkey */ = {
			isa = PBXGroup;
			children = (
				E60699612BC21C510062333F /* App */,
				E63F3CE92BC21E330094A0D2 /* Resources */,
				E68E70BD2BD2253E00C1872F /* Helpers */,
				E63F3CF92BC21FCC0094A0D2 /* Model */,
				E63F3CF82BC21FCC0094A0D2 /* Service */,
				E63F3D062BC21FCC0094A0D2 /* Scenes */,
				E6A6732F2BC5FE2A00B96352 /* Views */,
			);
			path = UniTurkey;
			sourceTree = "<group>";
		};
		E60699472BC21B460062333F /* UniTurkeyTests */ = {
			isa = PBXGroup;
			children = (
				E60699482BC21B460062333F /* UniTurkeyTests.swift */,
			);
			path = UniTurkeyTests;
			sourceTree = "<group>";
		};
		E60699512BC21B460062333F /* UniTurkeyUITests */ = {
			isa = PBXGroup;
			children = (
				E60699522BC21B460062333F /* UniTurkeyUITests.swift */,
				E60699542BC21B460062333F /* UniTurkeyUITestsLaunchTests.swift */,
			);
			path = UniTurkeyUITests;
			sourceTree = "<group>";
		};
		E60699612BC21C510062333F /* App */ = {
			isa = PBXGroup;
			children = (
				E63F3D152BC228BC0094A0D2 /* LaunchScreen.storyboard */,
				E63F3CC42BC21DCD0094A0D2 /* AppContainer.swift */,
				E63F3CC22BC21DCD0094A0D2 /* AppDelegate.swift */,
				E63F3CC32BC21DCD0094A0D2 /* AppRouter.swift */,
			);
			path = App;
			sourceTree = "<group>";
		};
		E63F3CE92BC21E330094A0D2 /* Resources */ = {
			isa = PBXGroup;
			children = (
				E63F3CEE2BC21E500094A0D2 /* Assets.xcassets */,
				E690A02E2BC363D7003B2F83 /* Constants.swift */,
				E606993F2BC21B460062333F /* Info.plist */,
			);
			path = Resources;
			sourceTree = "<group>";
		};
		E63F3CF72BC21FCC0094A0D2 /* Protocols */ = {
			isa = PBXGroup;
			children = (
				E63F3CF32BC21FCC0094A0D2 /* Colorable.swift */,
				E63F3CF42BC21FCC0094A0D2 /* Imageable.swift */,
				E63F3CF52BC21FCC0094A0D2 /* ReusableView.swift */,
				E63F3CF62BC21FCC0094A0D2 /* Symbolable.swift */,
			);
			path = Protocols;
			sourceTree = "<group>";
		};
		E63F3CF82BC21FCC0094A0D2 /* Service */ = {
			isa = PBXGroup;
			children = (
				E696C0792BCDCC3200CA91A3 /* Local */,
				E696C0782BCDCC2B00CA91A3 /* Network */,
			);
			path = Service;
			sourceTree = "<group>";
		};
		E63F3CF92BC21FCC0094A0D2 /* Model */ = {
			isa = PBXGroup;
			children = (
				E690A0302BC367E9003B2F83 /* UniversityResponse.swift */,
				E6C9331C2BC4ADE1001BD2EA /* UniversityRepresentation.swift */,
			);
			path = Model;
			sourceTree = "<group>";
		};
		E63F3CFF2BC21FCC0094A0D2 /* Extensions */ = {
			isa = PBXGroup;
			children = (
				E63F3CFA2BC21FCC0094A0D2 /* UIApplication+Extension.swift */,
				E63F3CFD2BC21FCC0094A0D2 /* UIDevice+Extension.swift */,
				E63F3CFC2BC21FCC0094A0D2 /* UIColor+Extension.swift */,
				E63F3CFB2BC21FCC0094A0D2 /* UICollectionView+Extension.swift */,
				E63F3CFE2BC21FCC0094A0D2 /* UITableView+Extension.swift */,
				E6B249D62BC25A39009112EB /* UIView+Extension.swift */,
				E6B249D82BC25C98009112EB /* UIImage+Extension.swift */,
				E6B249DA2BC25D7D009112EB /* UIViewController+Extension.swift */,
				E6B249DC2BC26598009112EB /* Collection+Extension.swift */,
				E6B249DE2BC266B6009112EB /* String+Extension.swift */,
				E696C07E2BCDCD9E00CA91A3 /* UserDefaults+Extension.swift */,
			);
			path = Extensions;
			sourceTree = "<group>";
		};
		E63F3D002BC21FCC0094A0D2 /* Detail */ = {
			isa = PBXGroup;
			children = (
				E68E70B32BD1618800C1872F /* DetailBuilder.swift */,
				E68E70B52BD1619F00C1872F /* DetailRouter.swift */,
				E68E70B72BD161B500C1872F /* DetailViewModel.swift */,
				E68E70B92BD161C600C1872F /* DetailViewController.swift */,
			);
			path = Detail;
			sourceTree = "<group>";
		};
		E63F3D012BC21FCC0094A0D2 /* Favorite */ = {
			isa = PBXGroup;
			children = (
				E63EC7272BCF4F6C0036FC87 /* FavoriteBuilder.swift */,
				E63EC7292BCF50E80036FC87 /* FavoriteRouter.swift */,
				E63EC72B2BCF50F50036FC87 /* FavoriteViewModel.swift */,
				E63EC72D2BCF50FE0036FC87 /* FavoriteViewController.swift */,
			);
			path = Favorite;
			sourceTree = "<group>";
		};
		E63F3D052BC21FCC0094A0D2 /* Home */ = {
			isa = PBXGroup;
			children = (
				E690A0362BC3914A003B2F83 /* HomeBuilder.swift */,
				E63F3D022BC21FCC0094A0D2 /* HomeRouter.swift */,
				E63F3D042BC21FCC0094A0D2 /* HomeViewModel.swift */,
				E63F3D032BC21FCC0094A0D2 /* HomeViewController.swift */,
			);
			path = Home;
			sourceTree = "<group>";
		};
		E63F3D062BC21FCC0094A0D2 /* Scenes */ = {
			isa = PBXGroup;
			children = (
				E63F3D052BC21FCC0094A0D2 /* Home */,
				E63F3D012BC21FCC0094A0D2 /* Favorite */,
				E63F3D002BC21FCC0094A0D2 /* Detail */,
			);
			path = Scenes;
			sourceTree = "<group>";
		};
		E68E70BD2BD2253E00C1872F /* Helpers */ = {
			isa = PBXGroup;
			children = (
				E63F3CFF2BC21FCC0094A0D2 /* Extensions */,
				E63F3CF72BC21FCC0094A0D2 /* Protocols */,
			);
			path = Helpers;
			sourceTree = "<group>";
		};
		E696C0782BCDCC2B00CA91A3 /* Network */ = {
			isa = PBXGroup;
			children = (
				E690A0272BC35591003B2F83 /* UniversityService.swift */,
				E690A0292BC35B67003B2F83 /* UniversityManager.swift */,
			);
			path = Network;
			sourceTree = "<group>";
		};
		E696C0792BCDCC3200CA91A3 /* Local */ = {
			isa = PBXGroup;
			children = (
				E696C07A2BCDCC4A00CA91A3 /* FavoriteService.swift */,
				E696C07C2BCDCC5500CA91A3 /* FavoriteManager.swift */,
			);
			path = Local;
			sourceTree = "<group>";
		};
		E6A6732F2BC5FE2A00B96352 /* Views */ = {
			isa = PBXGroup;
			children = (
				E6A673312BC5FE9700B96352 /* Custom */,
				E6A673302BC5FE8900B96352 /* Cells */,
			);
			path = Views;
			sourceTree = "<group>";
		};
		E6A673302BC5FE8900B96352 /* Cells */ = {
			isa = PBXGroup;
			children = (
				E6D642042BC92655000F6FF2 /* ProvinceCell.swift */,
				E696C0842BCE03FB00CA91A3 /* DetailCell.swift */,
				E6E827052BC9F3AB00FEDFC5 /* UniversityCell.swift */,
			);
			path = Cells;
			sourceTree = "<group>";
		};
		E6A673312BC5FE9700B96352 /* Custom */ = {
			isa = PBXGroup;
			children = (
				E6A673322BC5FEA600B96352 /* ErrorView.swift */,
				E6A673342BC5FEB800B96352 /* LoadingView.swift */,
			);
			path = Custom;
			sourceTree = "<group>";
		};
/* End PBXGroup section */

/* Begin PBXNativeTarget section */
		E606992D2BC21B440062333F /* UniTurkey */ = {
			isa = PBXNativeTarget;
			buildConfigurationList = E60699582BC21B460062333F /* Build configuration list for PBXNativeTarget "UniTurkey" */;
			buildPhases = (
				E606992A2BC21B440062333F /* Sources */,
				E606992B2BC21B440062333F /* Frameworks */,
				E606992C2BC21B440062333F /* Resources */,
			);
			buildRules = (
			);
			dependencies = (
			);
			name = UniTurkey;
			productName = UniTurkey;
			productReference = E606992E2BC21B440062333F /* UniTurkey.app */;
			productType = "com.apple.product-type.application";
		};
		E60699432BC21B460062333F /* UniTurkeyTests */ = {
			isa = PBXNativeTarget;
			buildConfigurationList = E606995B2BC21B460062333F /* Build configuration list for PBXNativeTarget "UniTurkeyTests" */;
			buildPhases = (
				E60699402BC21B460062333F /* Sources */,
				E60699412BC21B460062333F /* Frameworks */,
				E60699422BC21B460062333F /* Resources */,
			);
			buildRules = (
			);
			dependencies = (
				E60699462BC21B460062333F /* PBXTargetDependency */,
			);
			name = UniTurkeyTests;
			productName = UniTurkeyTests;
			productReference = E60699442BC21B460062333F /* UniTurkeyTests.xctest */;
			productType = "com.apple.product-type.bundle.unit-test";
		};
		E606994D2BC21B460062333F /* UniTurkeyUITests */ = {
			isa = PBXNativeTarget;
			buildConfigurationList = E606995E2BC21B460062333F /* Build configuration list for PBXNativeTarget "UniTurkeyUITests" */;
			buildPhases = (
				E606994A2BC21B460062333F /* Sources */,
				E606994B2BC21B460062333F /* Frameworks */,
				E606994C2BC21B460062333F /* Resources */,
			);
			buildRules = (
			);
			dependencies = (
				E60699502BC21B460062333F /* PBXTargetDependency */,
			);
			name = UniTurkeyUITests;
			productName = UniTurkeyUITests;
			productReference = E606994E2BC21B460062333F /* UniTurkeyUITests.xctest */;
			productType = "com.apple.product-type.bundle.ui-testing";
		};
/* End PBXNativeTarget section */

/* Begin PBXProject section */
		E60699262BC21B440062333F /* Project object */ = {
			isa = PBXProject;
			attributes = {
				BuildIndependentTargetsInParallel = 1;
				LastSwiftUpdateCheck = 1530;
				LastUpgradeCheck = 1530;
				TargetAttributes = {
					E606992D2BC21B440062333F = {
						CreatedOnToolsVersion = 15.3;
					};
					E60699432BC21B460062333F = {
						CreatedOnToolsVersion = 15.3;
						TestTargetID = E606992D2BC21B440062333F;
					};
					E606994D2BC21B460062333F = {
						CreatedOnToolsVersion = 15.3;
						TestTargetID = E606992D2BC21B440062333F;
					};
				};
			};
			buildConfigurationList = E60699292BC21B440062333F /* Build configuration list for PBXProject "UniTurkey" */;
			compatibilityVersion = "Xcode 14.0";
			developmentRegion = en;
			hasScannedForEncodings = 0;
			knownRegions = (
				en,
				Base,
				tr,
			);
			mainGroup = E60699252BC21B440062333F;
			productRefGroup = E606992F2BC21B440062333F /* Products */;
			projectDirPath = "";
			projectRoot = "";
			targets = (
				E606992D2BC21B440062333F /* UniTurkey */,
				E60699432BC21B460062333F /* UniTurkeyTests */,
				E606994D2BC21B460062333F /* UniTurkeyUITests */,
			);
		};
/* End PBXProject section */

/* Begin PBXResourcesBuildPhase section */
		E606992C2BC21B440062333F /* Resources */ = {
			isa = PBXResourcesBuildPhase;
			buildActionMask = 2147483647;
			files = (
				E63F3CF22BC21E500094A0D2 /* Assets.xcassets in Resources */,
				E686CB992BD33CAF00C8E862 /* Localizable.strings in Resources */,
				E63F3D162BC228BC0094A0D2 /* LaunchScreen.storyboard in Resources */,
			);
			runOnlyForDeploymentPostprocessing = 0;
		};
		E60699422BC21B460062333F /* Resources */ = {
			isa = PBXResourcesBuildPhase;
			buildActionMask = 2147483647;
			files = (
			);
			runOnlyForDeploymentPostprocessing = 0;
		};
		E606994C2BC21B460062333F /* Resources */ = {
			isa = PBXResourcesBuildPhase;
			buildActionMask = 2147483647;
			files = (
			);
			runOnlyForDeploymentPostprocessing = 0;
		};
/* End PBXResourcesBuildPhase section */

/* Begin PBXSourcesBuildPhase section */
		E606992A2BC21B440062333F /* Sources */ = {
			isa = PBXSourcesBuildPhase;
			buildActionMask = 2147483647;
			files = (
				E696C0852BCE03FB00CA91A3 /* DetailCell.swift in Sources */,
				E63F3CC62BC21DCE0094A0D2 /* AppRouter.swift in Sources */,
				E690A02A2BC35B67003B2F83 /* UniversityManager.swift in Sources */,
				E63F3CC52BC21DCE0094A0D2 /* AppDelegate.swift in Sources */,
				E63F3D102BC21FCC0094A0D2 /* HomeRouter.swift in Sources */,
				E6B249DD2BC26598009112EB /* Collection+Extension.swift in Sources */,
				E6A673352BC5FEB800B96352 /* LoadingView.swift in Sources */,
				E63F3D112BC21FCC0094A0D2 /* HomeViewController.swift in Sources */,
				E6D642052BC92655000F6FF2 /* ProvinceCell.swift in Sources */,
				E6C9331D2BC4ADE1001BD2EA /* UniversityRepresentation.swift in Sources */,
				E6E827062BC9F3AB00FEDFC5 /* UniversityCell.swift in Sources */,
				E696C07B2BCDCC4A00CA91A3 /* FavoriteService.swift in Sources */,
				E6A673332BC5FEA600B96352 /* ErrorView.swift in Sources */,
				E63F3D082BC21FCC0094A0D2 /* Imageable.swift in Sources */,
				E63EC72E2BCF50FE0036FC87 /* FavoriteViewController.swift in Sources */,
				E6B249DF2BC266B6009112EB /* String+Extension.swift in Sources */,
				E63F3CC72BC21DCE0094A0D2 /* AppContainer.swift in Sources */,
				E6B249DB2BC25D7D009112EB /* UIViewController+Extension.swift in Sources */,
				E63F3D0B2BC21FCC0094A0D2 /* UIApplication+Extension.swift in Sources */,
				E696C07F2BCDCD9E00CA91A3 /* UserDefaults+Extension.swift in Sources */,
				E690A02F2BC363D8003B2F83 /* Constants.swift in Sources */,
				E63F3D072BC21FCC0094A0D2 /* Colorable.swift in Sources */,
				E696C07D2BCDCC5500CA91A3 /* FavoriteManager.swift in Sources */,
				E68E70B42BD1618800C1872F /* DetailBuilder.swift in Sources */,
				E63EC72C2BCF50F50036FC87 /* FavoriteViewModel.swift in Sources */,
				E68E70B62BD1619F00C1872F /* DetailRouter.swift in Sources */,
				E63F3D0C2BC21FCC0094A0D2 /* UICollectionView+Extension.swift in Sources */,
				E68E70BA2BD161C600C1872F /* DetailViewController.swift in Sources */,
				E68E70B82BD161B500C1872F /* DetailViewModel.swift in Sources */,
				E63F3D092BC21FCC0094A0D2 /* ReusableView.swift in Sources */,
				E690A0282BC35591003B2F83 /* UniversityService.swift in Sources */,
				E63EC7282BCF4F6C0036FC87 /* FavoriteBuilder.swift in Sources */,
				E63F3D0E2BC21FCC0094A0D2 /* UIDevice+Extension.swift in Sources */,
				E63F3D0F2BC21FCC0094A0D2 /* UITableView+Extension.swift in Sources */,
				E63F3D0D2BC21FCC0094A0D2 /* UIColor+Extension.swift in Sources */,
				E690A0372BC3914A003B2F83 /* HomeBuilder.swift in Sources */,
				E6B249D92BC25C98009112EB /* UIImage+Extension.swift in Sources */,
				E690A0312BC367E9003B2F83 /* UniversityResponse.swift in Sources */,
				E63EC72A2BCF50E80036FC87 /* FavoriteRouter.swift in Sources */,
				E6B249D72BC25A39009112EB /* UIView+Extension.swift in Sources */,
				E63F3D122BC21FCC0094A0D2 /* HomeViewModel.swift in Sources */,
				E63F3D0A2BC21FCC0094A0D2 /* Symbolable.swift in Sources */,
			);
			runOnlyForDeploymentPostprocessing = 0;
		};
		E60699402BC21B460062333F /* Sources */ = {
			isa = PBXSourcesBuildPhase;
			buildActionMask = 2147483647;
			files = (
				E60699492BC21B460062333F /* UniTurkeyTests.swift in Sources */,
			);
			runOnlyForDeploymentPostprocessing = 0;
		};
		E606994A2BC21B460062333F /* Sources */ = {
			isa = PBXSourcesBuildPhase;
			buildActionMask = 2147483647;
			files = (
				E60699532BC21B460062333F /* UniTurkeyUITests.swift in Sources */,
				E60699552BC21B460062333F /* UniTurkeyUITestsLaunchTests.swift in Sources */,
			);
			runOnlyForDeploymentPostprocessing = 0;
		};
/* End PBXSourcesBuildPhase section */

/* Begin PBXTargetDependency section */
		E60699462BC21B460062333F /* PBXTargetDependency */ = {
			isa = PBXTargetDependency;
			target = E606992D2BC21B440062333F /* UniTurkey */;
			targetProxy = E60699452BC21B460062333F /* PBXContainerItemProxy */;
		};
		E60699502BC21B460062333F /* PBXTargetDependency */ = {
			isa = PBXTargetDependency;
			target = E606992D2BC21B440062333F /* UniTurkey */;
			targetProxy = E606994F2BC21B460062333F /* PBXContainerItemProxy */;
		};
/* End PBXTargetDependency section */

/* Begin PBXVariantGroup section */
		E686CB972BD33CAF00C8E862 /* Localizable.strings */ = {
			isa = PBXVariantGroup;
			children = (
				E686CB982BD33CAF00C8E862 /* en */,
				E686CB9A2BD33CD000C8E862 /* tr */,
			);
			name = Localizable.strings;
			sourceTree = "<group>";
		};
/* End PBXVariantGroup section */

/* Begin XCBuildConfiguration section */
		E60699562BC21B460062333F /* Debug */ = {
			isa = XCBuildConfiguration;
			buildSettings = {
				ALWAYS_SEARCH_USER_PATHS = NO;
				ASSETCATALOG_COMPILER_GENERATE_SWIFT_ASSET_SYMBOL_EXTENSIONS = YES;
				CLANG_ANALYZER_LOCALIZABILITY_NONLOCALIZED = YES;
				CLANG_ANALYZER_NONNULL = YES;
				CLANG_ANALYZER_NUMBER_OBJECT_CONVERSION = YES_AGGRESSIVE;
				CLANG_CXX_LANGUAGE_STANDARD = "gnu++20";
				CLANG_ENABLE_MODULES = YES;
				CLANG_ENABLE_OBJC_ARC = YES;
				CLANG_ENABLE_OBJC_WEAK = YES;
				CLANG_WARN_BLOCK_CAPTURE_AUTORELEASING = YES;
				CLANG_WARN_BOOL_CONVERSION = YES;
				CLANG_WARN_COMMA = YES;
				CLANG_WARN_CONSTANT_CONVERSION = YES;
				CLANG_WARN_DEPRECATED_OBJC_IMPLEMENTATIONS = YES;
				CLANG_WARN_DIRECT_OBJC_ISA_USAGE = YES_ERROR;
				CLANG_WARN_DOCUMENTATION_COMMENTS = YES;
				CLANG_WARN_EMPTY_BODY = YES;
				CLANG_WARN_ENUM_CONVERSION = YES;
				CLANG_WARN_INFINITE_RECURSION = YES;
				CLANG_WARN_INT_CONVERSION = YES;
				CLANG_WARN_NON_LITERAL_NULL_CONVERSION = YES;
				CLANG_WARN_OBJC_IMPLICIT_RETAIN_SELF = YES;
				CLANG_WARN_OBJC_LITERAL_CONVERSION = YES;
				CLANG_WARN_OBJC_ROOT_CLASS = YES_ERROR;
				CLANG_WARN_QUOTED_INCLUDE_IN_FRAMEWORK_HEADER = YES;
				CLANG_WARN_RANGE_LOOP_ANALYSIS = YES;
				CLANG_WARN_STRICT_PROTOTYPES = YES;
				CLANG_WARN_SUSPICIOUS_MOVE = YES;
				CLANG_WARN_UNGUARDED_AVAILABILITY = YES_AGGRESSIVE;
				CLANG_WARN_UNREACHABLE_CODE = YES;
				CLANG_WARN__DUPLICATE_METHOD_MATCH = YES;
				COPY_PHASE_STRIP = NO;
				DEBUG_INFORMATION_FORMAT = dwarf;
				ENABLE_STRICT_OBJC_MSGSEND = YES;
				ENABLE_TESTABILITY = YES;
				ENABLE_USER_SCRIPT_SANDBOXING = YES;
				GCC_C_LANGUAGE_STANDARD = gnu17;
				GCC_DYNAMIC_NO_PIC = NO;
				GCC_NO_COMMON_BLOCKS = YES;
				GCC_OPTIMIZATION_LEVEL = 0;
				GCC_PREPROCESSOR_DEFINITIONS = (
					"DEBUG=1",
					"$(inherited)",
				);
				GCC_WARN_64_TO_32_BIT_CONVERSION = YES;
				GCC_WARN_ABOUT_RETURN_TYPE = YES_ERROR;
				GCC_WARN_UNDECLARED_SELECTOR = YES;
				GCC_WARN_UNINITIALIZED_AUTOS = YES_AGGRESSIVE;
				GCC_WARN_UNUSED_FUNCTION = YES;
				GCC_WARN_UNUSED_VARIABLE = YES;
				IPHONEOS_DEPLOYMENT_TARGET = 17.4;
				LOCALIZATION_PREFERS_STRING_CATALOGS = YES;
				MTL_ENABLE_DEBUG_INFO = INCLUDE_SOURCE;
				MTL_FAST_MATH = YES;
				ONLY_ACTIVE_ARCH = YES;
				SDKROOT = iphoneos;
				SWIFT_ACTIVE_COMPILATION_CONDITIONS = "DEBUG $(inherited)";
				SWIFT_OPTIMIZATION_LEVEL = "-Onone";
			};
			name = Debug;
		};
		E60699572BC21B460062333F /* Release */ = {
			isa = XCBuildConfiguration;
			buildSettings = {
				ALWAYS_SEARCH_USER_PATHS = NO;
				ASSETCATALOG_COMPILER_GENERATE_SWIFT_ASSET_SYMBOL_EXTENSIONS = YES;
				CLANG_ANALYZER_LOCALIZABILITY_NONLOCALIZED = YES;
				CLANG_ANALYZER_NONNULL = YES;
				CLANG_ANALYZER_NUMBER_OBJECT_CONVERSION = YES_AGGRESSIVE;
				CLANG_CXX_LANGUAGE_STANDARD = "gnu++20";
				CLANG_ENABLE_MODULES = YES;
				CLANG_ENABLE_OBJC_ARC = YES;
				CLANG_ENABLE_OBJC_WEAK = YES;
				CLANG_WARN_BLOCK_CAPTURE_AUTORELEASING = YES;
				CLANG_WARN_BOOL_CONVERSION = YES;
				CLANG_WARN_COMMA = YES;
				CLANG_WARN_CONSTANT_CONVERSION = YES;
				CLANG_WARN_DEPRECATED_OBJC_IMPLEMENTATIONS = YES;
				CLANG_WARN_DIRECT_OBJC_ISA_USAGE = YES_ERROR;
				CLANG_WARN_DOCUMENTATION_COMMENTS = YES;
				CLANG_WARN_EMPTY_BODY = YES;
				CLANG_WARN_ENUM_CONVERSION = YES;
				CLANG_WARN_INFINITE_RECURSION = YES;
				CLANG_WARN_INT_CONVERSION = YES;
				CLANG_WARN_NON_LITERAL_NULL_CONVERSION = YES;
				CLANG_WARN_OBJC_IMPLICIT_RETAIN_SELF = YES;
				CLANG_WARN_OBJC_LITERAL_CONVERSION = YES;
				CLANG_WARN_OBJC_ROOT_CLASS = YES_ERROR;
				CLANG_WARN_QUOTED_INCLUDE_IN_FRAMEWORK_HEADER = YES;
				CLANG_WARN_RANGE_LOOP_ANALYSIS = YES;
				CLANG_WARN_STRICT_PROTOTYPES = YES;
				CLANG_WARN_SUSPICIOUS_MOVE = YES;
				CLANG_WARN_UNGUARDED_AVAILABILITY = YES_AGGRESSIVE;
				CLANG_WARN_UNREACHABLE_CODE = YES;
				CLANG_WARN__DUPLICATE_METHOD_MATCH = YES;
				COPY_PHASE_STRIP = NO;
				DEBUG_INFORMATION_FORMAT = "dwarf-with-dsym";
				ENABLE_NS_ASSERTIONS = NO;
				ENABLE_STRICT_OBJC_MSGSEND = YES;
				ENABLE_USER_SCRIPT_SANDBOXING = YES;
				GCC_C_LANGUAGE_STANDARD = gnu17;
				GCC_NO_COMMON_BLOCKS = YES;
				GCC_WARN_64_TO_32_BIT_CONVERSION = YES;
				GCC_WARN_ABOUT_RETURN_TYPE = YES_ERROR;
				GCC_WARN_UNDECLARED_SELECTOR = YES;
				GCC_WARN_UNINITIALIZED_AUTOS = YES_AGGRESSIVE;
				GCC_WARN_UNUSED_FUNCTION = YES;
				GCC_WARN_UNUSED_VARIABLE = YES;
				IPHONEOS_DEPLOYMENT_TARGET = 17.4;
				LOCALIZATION_PREFERS_STRING_CATALOGS = YES;
				MTL_ENABLE_DEBUG_INFO = NO;
				MTL_FAST_MATH = YES;
				SDKROOT = iphoneos;
				SWIFT_COMPILATION_MODE = wholemodule;
				VALIDATE_PRODUCT = YES;
			};
			name = Release;
		};
		E60699592BC21B460062333F /* Debug */ = {
			isa = XCBuildConfiguration;
			buildSettings = {
				ASSETCATALOG_COMPILER_APPICON_NAME = AppIcon;
				ASSETCATALOG_COMPILER_GLOBAL_ACCENT_COLOR_NAME = AccentColor;
				CODE_SIGN_STYLE = Automatic;
				CURRENT_PROJECT_VERSION = 1;
				DEVELOPMENT_TEAM = BKLYAYD9CX;
				GENERATE_INFOPLIST_FILE = YES;
				INFOPLIST_FILE = UniTurkey/Resources/Info.plist;
				INFOPLIST_KEY_UIApplicationSupportsIndirectInputEvents = YES;
				INFOPLIST_KEY_UILaunchStoryboardName = LaunchScreen;
				INFOPLIST_KEY_UISupportedInterfaceOrientations_iPad = "UIInterfaceOrientationPortrait UIInterfaceOrientationPortraitUpsideDown UIInterfaceOrientationLandscapeLeft UIInterfaceOrientationLandscapeRight";
				INFOPLIST_KEY_UISupportedInterfaceOrientations_iPhone = "UIInterfaceOrientationPortrait UIInterfaceOrientationLandscapeLeft UIInterfaceOrientationLandscapeRight";
				IPHONEOS_DEPLOYMENT_TARGET = 15.0;
				LD_RUNPATH_SEARCH_PATHS = (
					"$(inherited)",
					"@executable_path/Frameworks",
				);
				MARKETING_VERSION = 1.0;
				PRODUCT_BUNDLE_IDENTIFIER = com.alicolak.UniTurkey;
				PRODUCT_NAME = "$(TARGET_NAME)";
				SWIFT_EMIT_LOC_STRINGS = YES;
				SWIFT_VERSION = 5.0;
				TARGETED_DEVICE_FAMILY = "1,2";
			};
			name = Debug;
		};
		E606995A2BC21B460062333F /* Release */ = {
			isa = XCBuildConfiguration;
			buildSettings = {
				ASSETCATALOG_COMPILER_APPICON_NAME = AppIcon;
				ASSETCATALOG_COMPILER_GLOBAL_ACCENT_COLOR_NAME = AccentColor;
				CODE_SIGN_STYLE = Automatic;
				CURRENT_PROJECT_VERSION = 1;
				DEVELOPMENT_TEAM = BKLYAYD9CX;
				GENERATE_INFOPLIST_FILE = YES;
				INFOPLIST_FILE = UniTurkey/Resources/Info.plist;
				INFOPLIST_KEY_UIApplicationSupportsIndirectInputEvents = YES;
				INFOPLIST_KEY_UILaunchStoryboardName = LaunchScreen;
				INFOPLIST_KEY_UISupportedInterfaceOrientations_iPad = "UIInterfaceOrientationPortrait UIInterfaceOrientationPortraitUpsideDown UIInterfaceOrientationLandscapeLeft UIInterfaceOrientationLandscapeRight";
				INFOPLIST_KEY_UISupportedInterfaceOrientations_iPhone = "UIInterfaceOrientationPortrait UIInterfaceOrientationLandscapeLeft UIInterfaceOrientationLandscapeRight";
				IPHONEOS_DEPLOYMENT_TARGET = 15.0;
				LD_RUNPATH_SEARCH_PATHS = (
					"$(inherited)",
					"@executable_path/Frameworks",
				);
				MARKETING_VERSION = 1.0;
				PRODUCT_BUNDLE_IDENTIFIER = com.alicolak.UniTurkey;
				PRODUCT_NAME = "$(TARGET_NAME)";
				SWIFT_EMIT_LOC_STRINGS = YES;
				SWIFT_VERSION = 5.0;
				TARGETED_DEVICE_FAMILY = "1,2";
			};
			name = Release;
		};
		E606995C2BC21B460062333F /* Debug */ = {
			isa = XCBuildConfiguration;
			buildSettings = {
				ALWAYS_EMBED_SWIFT_STANDARD_LIBRARIES = YES;
				BUNDLE_LOADER = "$(TEST_HOST)";
				CODE_SIGN_STYLE = Automatic;
				CURRENT_PROJECT_VERSION = 1;
				DEVELOPMENT_TEAM = BKLYAYD9CX;
				GENERATE_INFOPLIST_FILE = YES;
				IPHONEOS_DEPLOYMENT_TARGET = 17.4;
				MARKETING_VERSION = 1.0;
				PRODUCT_BUNDLE_IDENTIFIER = com.alicolak.UniTurkeyTests;
				PRODUCT_NAME = "$(TARGET_NAME)";
				SWIFT_EMIT_LOC_STRINGS = NO;
				SWIFT_VERSION = 5.0;
				TARGETED_DEVICE_FAMILY = "1,2";
				TEST_HOST = "$(BUILT_PRODUCTS_DIR)/UniTurkey.app/$(BUNDLE_EXECUTABLE_FOLDER_PATH)/UniTurkey";
			};
			name = Debug;
		};
		E606995D2BC21B460062333F /* Release */ = {
			isa = XCBuildConfiguration;
			buildSettings = {
				ALWAYS_EMBED_SWIFT_STANDARD_LIBRARIES = YES;
				BUNDLE_LOADER = "$(TEST_HOST)";
				CODE_SIGN_STYLE = Automatic;
				CURRENT_PROJECT_VERSION = 1;
				DEVELOPMENT_TEAM = BKLYAYD9CX;
				GENERATE_INFOPLIST_FILE = YES;
				IPHONEOS_DEPLOYMENT_TARGET = 17.4;
				MARKETING_VERSION = 1.0;
				PRODUCT_BUNDLE_IDENTIFIER = com.alicolak.UniTurkeyTests;
				PRODUCT_NAME = "$(TARGET_NAME)";
				SWIFT_EMIT_LOC_STRINGS = NO;
				SWIFT_VERSION = 5.0;
				TARGETED_DEVICE_FAMILY = "1,2";
				TEST_HOST = "$(BUILT_PRODUCTS_DIR)/UniTurkey.app/$(BUNDLE_EXECUTABLE_FOLDER_PATH)/UniTurkey";
			};
			name = Release;
		};
		E606995F2BC21B460062333F /* Debug */ = {
			isa = XCBuildConfiguration;
			buildSettings = {
				ALWAYS_EMBED_SWIFT_STANDARD_LIBRARIES = YES;
				CODE_SIGN_STYLE = Automatic;
				CURRENT_PROJECT_VERSION = 1;
				DEVELOPMENT_TEAM = BKLYAYD9CX;
				GENERATE_INFOPLIST_FILE = YES;
				MARKETING_VERSION = 1.0;
				PRODUCT_BUNDLE_IDENTIFIER = com.alicolak.UniTurkeyUITests;
				PRODUCT_NAME = "$(TARGET_NAME)";
				SWIFT_EMIT_LOC_STRINGS = NO;
				SWIFT_VERSION = 5.0;
				TARGETED_DEVICE_FAMILY = "1,2";
				TEST_TARGET_NAME = UniTurkey;
			};
			name = Debug;
		};
		E60699602BC21B460062333F /* Release */ = {
			isa = XCBuildConfiguration;
			buildSettings = {
				ALWAYS_EMBED_SWIFT_STANDARD_LIBRARIES = YES;
				CODE_SIGN_STYLE = Automatic;
				CURRENT_PROJECT_VERSION = 1;
				DEVELOPMENT_TEAM = BKLYAYD9CX;
				GENERATE_INFOPLIST_FILE = YES;
				MARKETING_VERSION = 1.0;
				PRODUCT_BUNDLE_IDENTIFIER = com.alicolak.UniTurkeyUITests;
				PRODUCT_NAME = "$(TARGET_NAME)";
				SWIFT_EMIT_LOC_STRINGS = NO;
				SWIFT_VERSION = 5.0;
				TARGETED_DEVICE_FAMILY = "1,2";
				TEST_TARGET_NAME = UniTurkey;
			};
			name = Release;
		};
/* End XCBuildConfiguration section */

/* Begin XCConfigurationList section */
		E60699292BC21B440062333F /* Build configuration list for PBXProject "UniTurkey" */ = {
			isa = XCConfigurationList;
			buildConfigurations = (
				E60699562BC21B460062333F /* Debug */,
				E60699572BC21B460062333F /* Release */,
			);
			defaultConfigurationIsVisible = 0;
			defaultConfigurationName = Release;
		};
		E60699582BC21B460062333F /* Build configuration list for PBXNativeTarget "UniTurkey" */ = {
			isa = XCConfigurationList;
			buildConfigurations = (
				E60699592BC21B460062333F /* Debug */,
				E606995A2BC21B460062333F /* Release */,
			);
			defaultConfigurationIsVisible = 0;
			defaultConfigurationName = Release;
		};
		E606995B2BC21B460062333F /* Build configuration list for PBXNativeTarget "UniTurkeyTests" */ = {
			isa = XCConfigurationList;
			buildConfigurations = (
				E606995C2BC21B460062333F /* Debug */,
				E606995D2BC21B460062333F /* Release */,
			);
			defaultConfigurationIsVisible = 0;
			defaultConfigurationName = Release;
		};
		E606995E2BC21B460062333F /* Build configuration list for PBXNativeTarget "UniTurkeyUITests" */ = {
			isa = XCConfigurationList;
			buildConfigurations = (
				E606995F2BC21B460062333F /* Debug */,
				E60699602BC21B460062333F /* Release */,
			);
			defaultConfigurationIsVisible = 0;
			defaultConfigurationName = Release;
		};
/* End XCConfigurationList section */
	};
	rootObject = E60699262BC21B440062333F /* Project object */;
}
